
Microsoft Visual Studio Solution File, Format Version 12.00
# Visual Studio Version 17
VisualStudioVersion = 17.7.34018.315
MinimumVisualStudioVersion = 10.0.40219.1
Project("{FAE04EC0-301F-11D3-BF4B-00C04F79EFBC}") = "eTickets", "eTickets\eTickets.csproj", "{9309E9C0-0E63-4341-A39A-7F96D26F733B}"
EndProject
Global
	GlobalSection(SolutionConfigurationPlatforms) = preSolution
		Debug|Any CPU = Debug|Any CPU
		Release|Any CPU = Release|Any CPU
	EndGlobalSection
	GlobalSection(ProjectConfigurationPlatforms) = postSolution
		{9309E9C0-0E63-4341-A39A-7F96D26F733B}.Debug|Any CPU.ActiveCfg = Debug|Any CPU
		{9309E9C0-0E63-4341-A39A-7F96D26F733B}.Debug|Any CPU.Build.0 = Debug|Any CPU
		{9309E9C0-0E63-4341-A39A-7F96D26F733B}.Release|Any CPU.ActiveCfg = Release|Any CPU
		{9309E9C0-0E63-4341-A39A-7F96D26F733B}.Release|Any CPU.Build.0 = Release|Any CPU
	EndGlobalSection
	GlobalSection(SolutionProperties) = preSolution
		HideSolutionNode = FALSE
	EndGlobalSection
	GlobalSection(ExtensibilityGlobals) = postSolution
		SolutionGuid = {54B762B0-F107-4E72-878B-F93EDD94160E}
	EndGlobalSection
EndGlobal
